
Microsoft Visual Studio Solution File, Format Version 12.00
# Visual Studio Version 16
VisualStudioVersion = 16.0.29609.76
MinimumVisualStudioVersion = 10.0.40219.1
Project("{9A19103F-16F7-4668-BE54-9A1E7A4F7556}") = "MenuDrivenGame", "MenuDrivenGame.csproj", "{699F3C21-03B1-432C-AE86-4FFE5DB33E5A}"
EndProject
Project("{FAE04EC0-301F-11D3-BF4B-00C04F79EFBC}") = "MenuDrivenGame.Tests", "..\MenuDrivenGame.Tests\MenuDrivenGame.Tests.csproj", "{2A40B066-D1F9-42C9-A119-5D4E3BE7AB30}"
EndProject
Global
	GlobalSection(SolutionConfigurationPlatforms) = preSolution
		Debug|Any CPU = Debug|Any CPU
		Release|Any CPU = Release|Any CPU
	EndGlobalSection
	GlobalSection(ProjectConfigurationPlatforms) = postSolution
		{699F3C21-03B1-432C-AE86-4FFE5DB33E5A}.Debug|Any CPU.ActiveCfg = Debug|Any CPU
		{699F3C21-03B1-432C-AE86-4FFE5DB33E5A}.Debug|Any CPU.Build.0 = Debug|Any CPU
		{699F3C21-03B1-432C-AE86-4FFE5DB33E5A}.Release|Any CPU.ActiveCfg = Release|Any CPU
		{699F3C21-03B1-432C-AE86-4FFE5DB33E5A}.Release|Any CPU.Build.0 = Release|Any CPU
		{2A40B066-D1F9-42C9-A119-5D4E3BE7AB30}.Debug|Any CPU.ActiveCfg = Debug|Any CPU
		{2A40B066-D1F9-42C9-A119-5D4E3BE7AB30}.Debug|Any CPU.Build.0 = Debug|Any CPU
		{2A40B066-D1F9-42C9-A119-5D4E3BE7AB30}.Release|Any CPU.ActiveCfg = Release|Any CPU
		{2A40B066-D1F9-42C9-A119-5D4E3BE7AB30}.Release|Any CPU.Build.0 = Release|Any CPU
	EndGlobalSection
	GlobalSection(SolutionProperties) = preSolution
		HideSolutionNode = FALSE
	EndGlobalSection
	GlobalSection(ExtensibilityGlobals) = postSolution
		SolutionGuid = {2BFFD868-F5EA-4D21-8565-FEEC7A02BE4E}
	EndGlobalSection
EndGlobal
